
Microsoft Visual Studio Solution File, Format Version 12.00
# Visual Studio Version 16
VisualStudioVersion = 16.0.29613.14
MinimumVisualStudioVersion = 10.0.40219.1
Project("{9A19103F-16F7-4668-BE54-9A1E7A4F7556}") = "RevitAPIGeometry", "RevitAPIGeometry\RevitAPIGeometry.csproj", "{1A59FAE2-D1F2-43F2-A51B-4AC4500F8485}"
EndProject
Project("{9A19103F-16F7-4668-BE54-9A1E7A4F7556}") = "Build", "Build\Build.csproj", "{67415887-AAE6-4087-8AD6-9C4ECB7E5147}"
EndProject
Project("{2150E333-8FDC-42A3-9474-1A3956D46DE8}") = "Solution", "Solution", "{4126C7DC-66D6-4DCE-9B2A-89FF1C39CD1C}"
	ProjectSection(SolutionItems) = preProject
		CHANGELOG.md = CHANGELOG.md
		LICENSE = LICENSE
		README.md = README.md
	EndProjectSection
EndProject
Global
	GlobalSection(SolutionConfigurationPlatforms) = preSolution
		Debug|Any CPU = Debug|Any CPU
		Release|Any CPU = Release|Any CPU
	EndGlobalSection
	GlobalSection(ProjectConfigurationPlatforms) = postSolution
		{1A59FAE2-D1F2-43F2-A51B-4AC4500F8485}.Debug|Any CPU.ActiveCfg = Debug|Any CPU
		{1A59FAE2-D1F2-43F2-A51B-4AC4500F8485}.Debug|Any CPU.Build.0 = Debug|Any CPU
		{1A59FAE2-D1F2-43F2-A51B-4AC4500F8485}.Release|Any CPU.ActiveCfg = Release|Any CPU
		{1A59FAE2-D1F2-43F2-A51B-4AC4500F8485}.Release|Any CPU.Build.0 = Release|Any CPU
		{67415887-AAE6-4087-8AD6-9C4ECB7E5147}.Debug|Any CPU.ActiveCfg = Debug|Any CPU
		{67415887-AAE6-4087-8AD6-9C4ECB7E5147}.Debug|Any CPU.Build.0 = Debug|Any CPU
		{67415887-AAE6-4087-8AD6-9C4ECB7E5147}.Release|Any CPU.ActiveCfg = Release|Any CPU
		{67415887-AAE6-4087-8AD6-9C4ECB7E5147}.Release|Any CPU.Build.0 = Release|Any CPU
	EndGlobalSection
	GlobalSection(SolutionProperties) = preSolution
		HideSolutionNode = FALSE
	EndGlobalSection
	GlobalSection(ExtensibilityGlobals) = postSolution
		SolutionGuid = {68DB2CD5-3E8F-4B56-A902-2863F75D674F}
	EndGlobalSection
EndGlobal
